
Microsoft Visual Studio Solution File, Format Version 12.00
# Visual Studio Version 16
VisualStudioVersion = 16.0.32802.440
MinimumVisualStudioVersion = 10.0.40219.1
Project("{2150E333-8FDC-42A3-9474-1A3956D46DE8}") = "Sample", "Sample", "{CB3BE53E-674F-46A3-A7F4-2FF60B346269}"
EndProject
Project("{FAE04EC0-301F-11D3-BF4B-00C04F79EFBC}") = "ConsoleApp0411", "Sample\ConsoleApp0411\ConsoleApp0411.csproj", "{7AE25F2E-993E-46FE-B7AB-0CC79C3CAB49}"
EndProject
Project("{FAE04EC0-301F-11D3-BF4B-00C04F79EFBC}") = "WindowsFormsApp1", "Sample\WindowsFormsApp1\WindowsFormsApp1.csproj", "{D729AFE2-5A5B-434F-B883-07D02E526102}"
EndProject
Project("{FAE04EC0-301F-11D3-BF4B-00C04F79EFBC}") = "BallApp", "Sample\BallApp\BallApp.csproj", "{148F2153-D037-44B2-8C4C-A32B5AF64BE1}"
EndProject
Project("{2150E333-8FDC-42A3-9474-1A3956D46DE8}") = "Chapter01", "Chapter01", "{F531D869-0BC5-45DF-93EB-D35B9FE1A694}"
EndProject
Project("{FAE04EC0-301F-11D3-BF4B-00C04F79EFBC}") = "ProductSample", "Chapter01\Product\ProductSample.csproj", "{21DC5B11-303E-446D-ACDE-75F565663F66}"
EndProject
Project("{2150E333-8FDC-42A3-9474-1A3956D46DE8}") = "Chapter02", "Chapter02", "{47571D45-7D64-47ED-9E0F-18A0F84E2757}"
EndProject
Project("{2150E333-8FDC-42A3-9474-1A3956D46DE8}") = "距離換算プログラム", "距離換算プログラム", "{16E5892A-03E7-476C-A8E0-B2A796E06AF3}"
EndProject
Project("{FAE04EC0-301F-11D3-BF4B-00C04F79EFBC}") = "DistanceConverter", "Chapter02\距離換算プログラム\DistanceConverter\DistanceConverter.csproj", "{F395B8BC-2704-425E-B8B9-9A4A55748BDA}"
EndProject
Project("{2150E333-8FDC-42A3-9474-1A3956D46DE8}") = "売り上げ集計プログラム", "売り上げ集計プログラム", "{64D6B0D6-AF87-4051-B73C-3812AAF0508C}"
EndProject
Project("{FAE04EC0-301F-11D3-BF4B-00C04F79EFBC}") = "SalesCalculater", "Chapter02\売り上げ集計プログラム\SalesCalculater\SalesCalculater.csproj", "{939219E6-8F91-49F9-B370-C561F3C14F91}"
EndProject
Project("{2150E333-8FDC-42A3-9474-1A3956D46DE8}") = "演習問題", "演習問題", "{3BB92ED2-D14C-4AAA-871F-254A47AA62D5}"
EndProject
Project("{FAE04EC0-301F-11D3-BF4B-00C04F79EFBC}") = "Exercise01", "Chapter02\演習問題\Exercise01\Exercise01.csproj", "{523BCFED-19A2-4E69-87F4-C73FA2F7734A}"
EndProject
Project("{FAE04EC0-301F-11D3-BF4B-00C04F79EFBC}") = "Exercise02", "Chapter02\演習問題\Exercise02\Exercise02.csproj", "{C630B5A0-EFAA-47DB-86BB-4DADAE987EE5}"
EndProject
Project("{FAE04EC0-301F-11D3-BF4B-00C04F79EFBC}") = "Exercise03", "Chapter02\演習問題\Exercise03\Exercise03.csproj", "{C7265082-AFC9-4BC9-BF3F-12FBC6D4F887}"
EndProject
Project("{2150E333-8FDC-42A3-9474-1A3956D46DE8}") = "Chapter03", "Chapter03", "{70CCD85C-46BE-49C1-A01F-6F573B8A926F}"
EndProject
Project("{FAE04EC0-301F-11D3-BF4B-00C04F79EFBC}") = "Section01", "Chapter03\Section01\Section01.csproj", "{2C6C402A-6249-4BC9-BC0E-FE3EA995D1B2}"
EndProject
Project("{FAE04EC0-301F-11D3-BF4B-00C04F79EFBC}") = "Section03", "Chapter03\Section03\Section03.csproj", "{2B7A0543-623F-4583-8EC9-53F97FE6394C}"
EndProject
Project("{FAE04EC0-301F-11D3-BF4B-00C04F79EFBC}") = "Section04", "Chapter03\Section04\Section04.csproj", "{9FA6F0A0-E6ED-43ED-A52B-90A057C4FF92}"
EndProject
Project("{2150E333-8FDC-42A3-9474-1A3956D46DE8}") = "演習問題", "演習問題", "{166252E3-646D-4215-9159-451BE8F206DC}"
EndProject
Project("{FAE04EC0-301F-11D3-BF4B-00C04F79EFBC}") = "Exercise01", "Chapter03\演習問題\Exercise01\Exercise01.csproj", "{4D064134-F4A8-40E6-B27B-CD4BF6751405}"
EndProject
Project("{FAE04EC0-301F-11D3-BF4B-00C04F79EFBC}") = "Exercise02", "Chapter03\演習問題\Exercise02\Exercise02.csproj", "{1E4981F8-5D00-4896-AA12-17FAFEF9C14D}"
EndProject
Project("{2150E333-8FDC-42A3-9474-1A3956D46DE8}") = "Chapter04", "Chapter04", "{6092EC4A-21C1-428A-9DDB-14786493215F}"
EndProject
Project("{2150E333-8FDC-42A3-9474-1A3956D46DE8}") = "条件演算子、null合体演算子", "条件演算子、null合体演算子", "{91CED098-13BC-451D-90DF-D89AEDCECEEA}"
EndProject
Project("{FAE04EC0-301F-11D3-BF4B-00C04F79EFBC}") = "Section04", "Chapter04\条件演算子、null合体演算子\Section04\Section04.csproj", "{066D2550-72FA-4824-A7E4-4631910140F3}"
EndProject
Project("{2150E333-8FDC-42A3-9474-1A3956D46DE8}") = "TryParse", "TryParse", "{58AE2746-9830-47E6-9F7F-5C33C0BC7D5E}"
EndProject
Project("{FAE04EC0-301F-11D3-BF4B-00C04F79EFBC}") = "Section07", "Chapter04\TryParse\Section07\Section07.csproj", "{77289693-88B6-4513-A0FB-E3F460A70B87}"
EndProject
Project("{2150E333-8FDC-42A3-9474-1A3956D46DE8}") = "演習問題", "演習問題", "{D437EA9C-0176-427E-B36D-EE536CDFC187}"
EndProject
Project("{FAE04EC0-301F-11D3-BF4B-00C04F79EFBC}") = "Exercise01", "Chapter04\演習問題\Exercise01\Exercise01.csproj", "{C7413475-6D64-439E-B40A-221A39EAC448}"
EndProject
Project("{FAE04EC0-301F-11D3-BF4B-00C04F79EFBC}") = "Exercise02", "Chapter04\演習問題\Exercise02\Exercise02.csproj", "{C450D055-0C3F-4CDE-B814-58D3B86A94C6}"
EndProject
Project("{2150E333-8FDC-42A3-9474-1A3956D46DE8}") = "Chapter05", "Chapter05", "{056C4F30-62F6-4369-903B-A707126A84E8}"
EndProject
Project("{2150E333-8FDC-42A3-9474-1A3956D46DE8}") = "演習問題", "演習問題", "{F9DC6664-C420-4401-9AF4-145755B5A96C}"
EndProject
Project("{FAE04EC0-301F-11D3-BF4B-00C04F79EFBC}") = "Exercise01", "Chapter05\演習問題\Exercise01\Exercise01.csproj", "{4DA6EB14-D282-480A-A995-5162FC4D6863}"
EndProject
Project("{FAE04EC0-301F-11D3-BF4B-00C04F79EFBC}") = "Exercise02", "Chapter05\演習問題\Exercise02\Exercise02.csproj", "{63828DBC-2FA0-444C-969E-226C7F2106B7}"
EndProject
Project("{FAE04EC0-301F-11D3-BF4B-00C04F79EFBC}") = "Exercise03", "Chapter05\演習問題\Section03\Exercise03.csproj", "{53A5D96A-936A-46BF-B2A9-EA818090403C}"
EndProject
Project("{FAE04EC0-301F-11D3-BF4B-00C04F79EFBC}") = "Exercise04", "Chapter05\演習問題\Exercise04\Exercise04.csproj", "{E14A230C-1DAD-4A49-B05F-39C07A05129B}"
EndProject
Project("{2150E333-8FDC-42A3-9474-1A3956D46DE8}") = "Chapter06", "Chapter06", "{EE759087-6697-4FDB-A9B2-F5E37573488B}"
EndProject
Project("{2150E333-8FDC-42A3-9474-1A3956D46DE8}") = "演習問題", "演習問題", "{F104493E-6D06-4BE6-ADEF-1E85B5518311}"
EndProject
Project("{FAE04EC0-301F-11D3-BF4B-00C04F79EFBC}") = "Exercise01", "Chapter06\演習問題\Exercise01\Exercise01.csproj", "{2775FD7C-B3B0-47B5-8772-1E638F9F65A4}"
EndProject
Project("{FAE04EC0-301F-11D3-BF4B-00C04F79EFBC}") = "Exercise02", "Chapter06\演習問題\Exercise02\Exercise02.csproj", "{0CD0E149-97BD-4139-913D-D185FC1B2DF8}"
EndProject
Project("{2150E333-8FDC-42A3-9474-1A3956D46DE8}") = "Chapter07", "Chapter07", "{32520D7C-1A99-4511-8FC9-DB24684FBE31}"
EndProject
Project("{FAE04EC0-301F-11D3-BF4B-00C04F79EFBC}") = "Section01", "Chapter07\Section01\Section01.csproj", "{B5AC835A-289D-40C3-AC96-D3E07C1E3253}"
EndProject
Project("{FAE04EC0-301F-11D3-BF4B-00C04F79EFBC}") = "Section02", "Chapter07\Section02\Section02.csproj", "{C80B0A75-6CD0-43D6-87AD-8780FDF1235E}"
EndProject
Project("{2150E333-8FDC-42A3-9474-1A3956D46DE8}") = "試験01", "試験01", "{9336400D-6B07-4AB0-BF2C-6B467329D79F}"
EndProject
Project("{FAE04EC0-301F-11D3-BF4B-00C04F79EFBC}") = "Test01", "TestProject\Test01\Test01.csproj", "{2BFACDC3-F44D-4199-8498-F5C3C4AC0335}"
EndProject
Project("{FAE04EC0-301F-11D3-BF4B-00C04F79EFBC}") = "Test02", "TestProject\Test02\Test02.csproj", "{E461C0A8-8900-485C-B520-E929BA33F712}"
EndProject
Project("{FAE04EC0-301F-11D3-BF4B-00C04F79EFBC}") = "Section03", "Chapter07\Section03\Section03.csproj", "{37D3B8F4-646B-4329-AA70-A28E3F77C5E2}"
EndProject
Global
	GlobalSection(SolutionConfigurationPlatforms) = preSolution
		Debug|Any CPU = Debug|Any CPU
		Release|Any CPU = Release|Any CPU
	EndGlobalSection
	GlobalSection(ProjectConfigurationPlatforms) = postSolution
		{7AE25F2E-993E-46FE-B7AB-0CC79C3CAB49}.Debug|Any CPU.ActiveCfg = Debug|Any CPU
		{7AE25F2E-993E-46FE-B7AB-0CC79C3CAB49}.Debug|Any CPU.Build.0 = Debug|Any CPU
		{7AE25F2E-993E-46FE-B7AB-0CC79C3CAB49}.Release|Any CPU.ActiveCfg = Release|Any CPU
		{7AE25F2E-993E-46FE-B7AB-0CC79C3CAB49}.Release|Any CPU.Build.0 = Release|Any CPU
		{D729AFE2-5A5B-434F-B883-07D02E526102}.Debug|Any CPU.ActiveCfg = Debug|Any CPU
		{D729AFE2-5A5B-434F-B883-07D02E526102}.Debug|Any CPU.Build.0 = Debug|Any CPU
		{D729AFE2-5A5B-434F-B883-07D02E526102}.Release|Any CPU.ActiveCfg = Release|Any CPU
		{D729AFE2-5A5B-434F-B883-07D02E526102}.Release|Any CPU.Build.0 = Release|Any CPU
		{148F2153-D037-44B2-8C4C-A32B5AF64BE1}.Debug|Any CPU.ActiveCfg = Debug|Any CPU
		{148F2153-D037-44B2-8C4C-A32B5AF64BE1}.Debug|Any CPU.Build.0 = Debug|Any CPU
		{148F2153-D037-44B2-8C4C-A32B5AF64BE1}.Release|Any CPU.ActiveCfg = Release|Any CPU
		{148F2153-D037-44B2-8C4C-A32B5AF64BE1}.Release|Any CPU.Build.0 = Release|Any CPU
		{21DC5B11-303E-446D-ACDE-75F565663F66}.Debug|Any CPU.ActiveCfg = Debug|Any CPU
		{21DC5B11-303E-446D-ACDE-75F565663F66}.Debug|Any CPU.Build.0 = Debug|Any CPU
		{21DC5B11-303E-446D-ACDE-75F565663F66}.Release|Any CPU.ActiveCfg = Release|Any CPU
		{21DC5B11-303E-446D-ACDE-75F565663F66}.Release|Any CPU.Build.0 = Release|Any CPU
		{F395B8BC-2704-425E-B8B9-9A4A55748BDA}.Debug|Any CPU.ActiveCfg = Debug|Any CPU
		{F395B8BC-2704-425E-B8B9-9A4A55748BDA}.Debug|Any CPU.Build.0 = Debug|Any CPU
		{F395B8BC-2704-425E-B8B9-9A4A55748BDA}.Release|Any CPU.ActiveCfg = Release|Any CPU
		{F395B8BC-2704-425E-B8B9-9A4A55748BDA}.Release|Any CPU.Build.0 = Release|Any CPU
		{939219E6-8F91-49F9-B370-C561F3C14F91}.Debug|Any CPU.ActiveCfg = Debug|Any CPU
		{939219E6-8F91-49F9-B370-C561F3C14F91}.Debug|Any CPU.Build.0 = Debug|Any CPU
		{939219E6-8F91-49F9-B370-C561F3C14F91}.Release|Any CPU.ActiveCfg = Release|Any CPU
		{939219E6-8F91-49F9-B370-C561F3C14F91}.Release|Any CPU.Build.0 = Release|Any CPU
		{523BCFED-19A2-4E69-87F4-C73FA2F7734A}.Debug|Any CPU.ActiveCfg = Debug|Any CPU
		{523BCFED-19A2-4E69-87F4-C73FA2F7734A}.Debug|Any CPU.Build.0 = Debug|Any CPU
		{523BCFED-19A2-4E69-87F4-C73FA2F7734A}.Release|Any CPU.ActiveCfg = Release|Any CPU
		{523BCFED-19A2-4E69-87F4-C73FA2F7734A}.Release|Any CPU.Build.0 = Release|Any CPU
		{C630B5A0-EFAA-47DB-86BB-4DADAE987EE5}.Debug|Any CPU.ActiveCfg = Debug|Any CPU
		{C630B5A0-EFAA-47DB-86BB-4DADAE987EE5}.Debug|Any CPU.Build.0 = Debug|Any CPU
		{C630B5A0-EFAA-47DB-86BB-4DADAE987EE5}.Release|Any CPU.ActiveCfg = Release|Any CPU
		{C630B5A0-EFAA-47DB-86BB-4DADAE987EE5}.Release|Any CPU.Build.0 = Release|Any CPU
		{C7265082-AFC9-4BC9-BF3F-12FBC6D4F887}.Debug|Any CPU.ActiveCfg = Debug|Any CPU
		{C7265082-AFC9-4BC9-BF3F-12FBC6D4F887}.Debug|Any CPU.Build.0 = Debug|Any CPU
		{C7265082-AFC9-4BC9-BF3F-12FBC6D4F887}.Release|Any CPU.ActiveCfg = Release|Any CPU
		{C7265082-AFC9-4BC9-BF3F-12FBC6D4F887}.Release|Any CPU.Build.0 = Release|Any CPU
		{2C6C402A-6249-4BC9-BC0E-FE3EA995D1B2}.Debug|Any CPU.ActiveCfg = Debug|Any CPU
		{2C6C402A-6249-4BC9-BC0E-FE3EA995D1B2}.Debug|Any CPU.Build.0 = Debug|Any CPU
		{2C6C402A-6249-4BC9-BC0E-FE3EA995D1B2}.Release|Any CPU.ActiveCfg = Release|Any CPU
		{2C6C402A-6249-4BC9-BC0E-FE3EA995D1B2}.Release|Any CPU.Build.0 = Release|Any CPU
		{2B7A0543-623F-4583-8EC9-53F97FE6394C}.Debug|Any CPU.ActiveCfg = Debug|Any CPU
		{2B7A0543-623F-4583-8EC9-53F97FE6394C}.Debug|Any CPU.Build.0 = Debug|Any CPU
		{2B7A0543-623F-4583-8EC9-53F97FE6394C}.Release|Any CPU.ActiveCfg = Release|Any CPU
		{2B7A0543-623F-4583-8EC9-53F97FE6394C}.Release|Any CPU.Build.0 = Release|Any CPU
		{9FA6F0A0-E6ED-43ED-A52B-90A057C4FF92}.Debug|Any CPU.ActiveCfg = Debug|Any CPU
		{9FA6F0A0-E6ED-43ED-A52B-90A057C4FF92}.Debug|Any CPU.Build.0 = Debug|Any CPU
		{9FA6F0A0-E6ED-43ED-A52B-90A057C4FF92}.Release|Any CPU.ActiveCfg = Release|Any CPU
		{9FA6F0A0-E6ED-43ED-A52B-90A057C4FF92}.Release|Any CPU.Build.0 = Release|Any CPU
		{4D064134-F4A8-40E6-B27B-CD4BF6751405}.Debug|Any CPU.ActiveCfg = Debug|Any CPU
		{4D064134-F4A8-40E6-B27B-CD4BF6751405}.Debug|Any CPU.Build.0 = Debug|Any CPU
		{4D064134-F4A8-40E6-B27B-CD4BF6751405}.Release|Any CPU.ActiveCfg = Release|Any CPU
		{4D064134-F4A8-40E6-B27B-CD4BF6751405}.Release|Any CPU.Build.0 = Release|Any CPU
		{1E4981F8-5D00-4896-AA12-17FAFEF9C14D}.Debug|Any CPU.ActiveCfg = Debug|Any CPU
		{1E4981F8-5D00-4896-AA12-17FAFEF9C14D}.Debug|Any CPU.Build.0 = Debug|Any CPU
		{1E4981F8-5D00-4896-AA12-17FAFEF9C14D}.Release|Any CPU.ActiveCfg = Release|Any CPU
		{1E4981F8-5D00-4896-AA12-17FAFEF9C14D}.Release|Any CPU.Build.0 = Release|Any CPU
		{066D2550-72FA-4824-A7E4-4631910140F3}.Debug|Any CPU.ActiveCfg = Debug|Any CPU
		{066D2550-72FA-4824-A7E4-4631910140F3}.Debug|Any CPU.Build.0 = Debug|Any CPU
		{066D2550-72FA-4824-A7E4-4631910140F3}.Release|Any CPU.ActiveCfg = Release|Any CPU
		{066D2550-72FA-4824-A7E4-4631910140F3}.Release|Any CPU.Build.0 = Release|Any CPU
		{77289693-88B6-4513-A0FB-E3F460A70B87}.Debug|Any CPU.ActiveCfg = Debug|Any CPU
		{77289693-88B6-4513-A0FB-E3F460A70B87}.Debug|Any CPU.Build.0 = Debug|Any CPU
		{77289693-88B6-4513-A0FB-E3F460A70B87}.Release|Any CPU.ActiveCfg = Release|Any CPU
		{77289693-88B6-4513-A0FB-E3F460A70B87}.Release|Any CPU.Build.0 = Release|Any CPU
		{C7413475-6D64-439E-B40A-221A39EAC448}.Debug|Any CPU.ActiveCfg = Debug|Any CPU
		{C7413475-6D64-439E-B40A-221A39EAC448}.Debug|Any CPU.Build.0 = Debug|Any CPU
		{C7413475-6D64-439E-B40A-221A39EAC448}.Release|Any CPU.ActiveCfg = Release|Any CPU
		{C7413475-6D64-439E-B40A-221A39EAC448}.Release|Any CPU.Build.0 = Release|Any CPU
		{C450D055-0C3F-4CDE-B814-58D3B86A94C6}.Debug|Any CPU.ActiveCfg = Debug|Any CPU
		{C450D055-0C3F-4CDE-B814-58D3B86A94C6}.Debug|Any CPU.Build.0 = Debug|Any CPU
		{C450D055-0C3F-4CDE-B814-58D3B86A94C6}.Release|Any CPU.ActiveCfg = Release|Any CPU
		{C450D055-0C3F-4CDE-B814-58D3B86A94C6}.Release|Any CPU.Build.0 = Release|Any CPU
		{4DA6EB14-D282-480A-A995-5162FC4D6863}.Debug|Any CPU.ActiveCfg = Debug|Any CPU
		{4DA6EB14-D282-480A-A995-5162FC4D6863}.Debug|Any CPU.Build.0 = Debug|Any CPU
		{4DA6EB14-D282-480A-A995-5162FC4D6863}.Release|Any CPU.ActiveCfg = Release|Any CPU
		{4DA6EB14-D282-480A-A995-5162FC4D6863}.Release|Any CPU.Build.0 = Release|Any CPU
		{63828DBC-2FA0-444C-969E-226C7F2106B7}.Debug|Any CPU.ActiveCfg = Debug|Any CPU
		{63828DBC-2FA0-444C-969E-226C7F2106B7}.Debug|Any CPU.Build.0 = Debug|Any CPU
		{63828DBC-2FA0-444C-969E-226C7F2106B7}.Release|Any CPU.ActiveCfg = Release|Any CPU
		{63828DBC-2FA0-444C-969E-226C7F2106B7}.Release|Any CPU.Build.0 = Release|Any CPU
		{53A5D96A-936A-46BF-B2A9-EA818090403C}.Debug|Any CPU.ActiveCfg = Debug|Any CPU
		{53A5D96A-936A-46BF-B2A9-EA818090403C}.Debug|Any CPU.Build.0 = Debug|Any CPU
		{53A5D96A-936A-46BF-B2A9-EA818090403C}.Release|Any CPU.ActiveCfg = Release|Any CPU
		{53A5D96A-936A-46BF-B2A9-EA818090403C}.Release|Any CPU.Build.0 = Release|Any CPU
		{E14A230C-1DAD-4A49-B05F-39C07A05129B}.Debug|Any CPU.ActiveCfg = Debug|Any CPU
		{E14A230C-1DAD-4A49-B05F-39C07A05129B}.Debug|Any CPU.Build.0 = Debug|Any CPU
		{E14A230C-1DAD-4A49-B05F-39C07A05129B}.Release|Any CPU.ActiveCfg = Release|Any CPU
		{E14A230C-1DAD-4A49-B05F-39C07A05129B}.Release|Any CPU.Build.0 = Release|Any CPU
		{2775FD7C-B3B0-47B5-8772-1E638F9F65A4}.Debug|Any CPU.ActiveCfg = Debug|Any CPU
		{2775FD7C-B3B0-47B5-8772-1E638F9F65A4}.Debug|Any CPU.Build.0 = Debug|Any CPU
		{2775FD7C-B3B0-47B5-8772-1E638F9F65A4}.Release|Any CPU.ActiveCfg = Release|Any CPU
		{2775FD7C-B3B0-47B5-8772-1E638F9F65A4}.Release|Any CPU.Build.0 = Release|Any CPU
		{0CD0E149-97BD-4139-913D-D185FC1B2DF8}.Debug|Any CPU.ActiveCfg = Debug|Any CPU
		{0CD0E149-97BD-4139-913D-D185FC1B2DF8}.Debug|Any CPU.Build.0 = Debug|Any CPU
		{0CD0E149-97BD-4139-913D-D185FC1B2DF8}.Release|Any CPU.ActiveCfg = Release|Any CPU
		{0CD0E149-97BD-4139-913D-D185FC1B2DF8}.Release|Any CPU.Build.0 = Release|Any CPU
		{B5AC835A-289D-40C3-AC96-D3E07C1E3253}.Debug|Any CPU.ActiveCfg = Debug|Any CPU
		{B5AC835A-289D-40C3-AC96-D3E07C1E3253}.Debug|Any CPU.Build.0 = Debug|Any CPU
		{B5AC835A-289D-40C3-AC96-D3E07C1E3253}.Release|Any CPU.ActiveCfg = Release|Any CPU
		{B5AC835A-289D-40C3-AC96-D3E07C1E3253}.Release|Any CPU.Build.0 = Release|Any CPU
		{C80B0A75-6CD0-43D6-87AD-8780FDF1235E}.Debug|Any CPU.ActiveCfg = Debug|Any CPU
		{C80B0A75-6CD0-43D6-87AD-8780FDF1235E}.Debug|Any CPU.Build.0 = Debug|Any CPU
		{C80B0A75-6CD0-43D6-87AD-8780FDF1235E}.Release|Any CPU.ActiveCfg = Release|Any CPU
		{C80B0A75-6CD0-43D6-87AD-8780FDF1235E}.Release|Any CPU.Build.0 = Release|Any CPU
		{2BFACDC3-F44D-4199-8498-F5C3C4AC0335}.Debug|Any CPU.ActiveCfg = Debug|Any CPU
		{2BFACDC3-F44D-4199-8498-F5C3C4AC0335}.Debug|Any CPU.Build.0 = Debug|Any CPU
		{2BFACDC3-F44D-4199-8498-F5C3C4AC0335}.Release|Any CPU.ActiveCfg = Release|Any CPU
		{2BFACDC3-F44D-4199-8498-F5C3C4AC0335}.Release|Any CPU.Build.0 = Release|Any CPU
		{E461C0A8-8900-485C-B520-E929BA33F712}.Debug|Any CPU.ActiveCfg = Debug|Any CPU
		{E461C0A8-8900-485C-B520-E929BA33F712}.Debug|Any CPU.Build.0 = Debug|Any CPU
		{E461C0A8-8900-485C-B520-E929BA33F712}.Release|Any CPU.ActiveCfg = Release|Any CPU
		{E461C0A8-8900-485C-B520-E929BA33F712}.Release|Any CPU.Build.0 = Release|Any CPU
		{37D3B8F4-646B-4329-AA70-A28E3F77C5E2}.Debug|Any CPU.ActiveCfg = Debug|Any CPU
		{37D3B8F4-646B-4329-AA70-A28E3F77C5E2}.Debug|Any CPU.Build.0 = Debug|Any CPU
		{37D3B8F4-646B-4329-AA70-A28E3F77C5E2}.Release|Any CPU.ActiveCfg = Release|Any CPU
		{37D3B8F4-646B-4329-AA70-A28E3F77C5E2}.Release|Any CPU.Build.0 = Release|Any CPU
	EndGlobalSection
	GlobalSection(SolutionProperties) = preSolution
		HideSolutionNode = FALSE
	EndGlobalSection
	GlobalSection(NestedProjects) = preSolution
		{7AE25F2E-993E-46FE-B7AB-0CC79C3CAB49} = {CB3BE53E-674F-46A3-A7F4-2FF60B346269}
		{D729AFE2-5A5B-434F-B883-07D02E526102} = {CB3BE53E-674F-46A3-A7F4-2FF60B346269}
		{148F2153-D037-44B2-8C4C-A32B5AF64BE1} = {CB3BE53E-674F-46A3-A7F4-2FF60B346269}
		{21DC5B11-303E-446D-ACDE-75F565663F66} = {F531D869-0BC5-45DF-93EB-D35B9FE1A694}
		{16E5892A-03E7-476C-A8E0-B2A796E06AF3} = {47571D45-7D64-47ED-9E0F-18A0F84E2757}
		{F395B8BC-2704-425E-B8B9-9A4A55748BDA} = {16E5892A-03E7-476C-A8E0-B2A796E06AF3}
		{64D6B0D6-AF87-4051-B73C-3812AAF0508C} = {47571D45-7D64-47ED-9E0F-18A0F84E2757}
		{939219E6-8F91-49F9-B370-C561F3C14F91} = {64D6B0D6-AF87-4051-B73C-3812AAF0508C}
		{3BB92ED2-D14C-4AAA-871F-254A47AA62D5} = {47571D45-7D64-47ED-9E0F-18A0F84E2757}
		{523BCFED-19A2-4E69-87F4-C73FA2F7734A} = {3BB92ED2-D14C-4AAA-871F-254A47AA62D5}
		{C630B5A0-EFAA-47DB-86BB-4DADAE987EE5} = {3BB92ED2-D14C-4AAA-871F-254A47AA62D5}
		{C7265082-AFC9-4BC9-BF3F-12FBC6D4F887} = {3BB92ED2-D14C-4AAA-871F-254A47AA62D5}
		{2C6C402A-6249-4BC9-BC0E-FE3EA995D1B2} = {70CCD85C-46BE-49C1-A01F-6F573B8A926F}
		{2B7A0543-623F-4583-8EC9-53F97FE6394C} = {70CCD85C-46BE-49C1-A01F-6F573B8A926F}
		{9FA6F0A0-E6ED-43ED-A52B-90A057C4FF92} = {70CCD85C-46BE-49C1-A01F-6F573B8A926F}
		{166252E3-646D-4215-9159-451BE8F206DC} = {70CCD85C-46BE-49C1-A01F-6F573B8A926F}
		{4D064134-F4A8-40E6-B27B-CD4BF6751405} = {166252E3-646D-4215-9159-451BE8F206DC}
		{1E4981F8-5D00-4896-AA12-17FAFEF9C14D} = {166252E3-646D-4215-9159-451BE8F206DC}
		{91CED098-13BC-451D-90DF-D89AEDCECEEA} = {6092EC4A-21C1-428A-9DDB-14786493215F}
		{066D2550-72FA-4824-A7E4-4631910140F3} = {91CED098-13BC-451D-90DF-D89AEDCECEEA}
		{58AE2746-9830-47E6-9F7F-5C33C0BC7D5E} = {6092EC4A-21C1-428A-9DDB-14786493215F}
		{77289693-88B6-4513-A0FB-E3F460A70B87} = {58AE2746-9830-47E6-9F7F-5C33C0BC7D5E}
		{D437EA9C-0176-427E-B36D-EE536CDFC187} = {6092EC4A-21C1-428A-9DDB-14786493215F}
		{C7413475-6D64-439E-B40A-221A39EAC448} = {D437EA9C-0176-427E-B36D-EE536CDFC187}
		{C450D055-0C3F-4CDE-B814-58D3B86A94C6} = {D437EA9C-0176-427E-B36D-EE536CDFC187}
		{F9DC6664-C420-4401-9AF4-145755B5A96C} = {056C4F30-62F6-4369-903B-A707126A84E8}
		{4DA6EB14-D282-480A-A995-5162FC4D6863} = {F9DC6664-C420-4401-9AF4-145755B5A96C}
		{63828DBC-2FA0-444C-969E-226C7F2106B7} = {F9DC6664-C420-4401-9AF4-145755B5A96C}
		{53A5D96A-936A-46BF-B2A9-EA818090403C} = {F9DC6664-C420-4401-9AF4-145755B5A96C}
		{E14A230C-1DAD-4A49-B05F-39C07A05129B} = {F9DC6664-C420-4401-9AF4-145755B5A96C}
		{F104493E-6D06-4BE6-ADEF-1E85B5518311} = {EE759087-6697-4FDB-A9B2-F5E37573488B}
		{2775FD7C-B3B0-47B5-8772-1E638F9F65A4} = {F104493E-6D06-4BE6-ADEF-1E85B5518311}
		{0CD0E149-97BD-4139-913D-D185FC1B2DF8} = {F104493E-6D06-4BE6-ADEF-1E85B5518311}
		{B5AC835A-289D-40C3-AC96-D3E07C1E3253} = {32520D7C-1A99-4511-8FC9-DB24684FBE31}
		{C80B0A75-6CD0-43D6-87AD-8780FDF1235E} = {32520D7C-1A99-4511-8FC9-DB24684FBE31}
		{2BFACDC3-F44D-4199-8498-F5C3C4AC0335} = {9336400D-6B07-4AB0-BF2C-6B467329D79F}
		{E461C0A8-8900-485C-B520-E929BA33F712} = {9336400D-6B07-4AB0-BF2C-6B467329D79F}
		{37D3B8F4-646B-4329-AA70-A28E3F77C5E2} = {32520D7C-1A99-4511-8FC9-DB24684FBE31}
	EndGlobalSection
	GlobalSection(ExtensibilityGlobals) = postSolution
		SolutionGuid = {5A78A74C-211B-4A99-AACD-EB4D1841CD84}
	EndGlobalSection
EndGlobal
