
Microsoft Visual Studio Solution File, Format Version 12.00
# Visual Studio Version 16
VisualStudioVersion = 16.0.32802.440
MinimumVisualStudioVersion = 10.0.40219.1
Project("{2150E333-8FDC-42A3-9474-1A3956D46DE8}") = "Sample", "Sample", "{CB3BE53E-674F-46A3-A7F4-2FF60B346269}"
EndProject
Project("{FAE04EC0-301F-11D3-BF4B-00C04F79EFBC}") = "ConsoleApp0411", "Sample\ConsoleApp0411\ConsoleApp0411.csproj", "{7AE25F2E-993E-46FE-B7AB-0CC79C3CAB49}"
EndProject
Project("{FAE04EC0-301F-11D3-BF4B-00C04F79EFBC}") = "WindowsFormsApp1", "Sample\WindowsFormsApp1\WindowsFormsApp1.csproj", "{D729AFE2-5A5B-434F-B883-07D02E526102}"
EndProject
Project("{FAE04EC0-301F-11D3-BF4B-00C04F79EFBC}") = "BallApp", "Sample\BallApp\BallApp.csproj", "{148F2153-D037-44B2-8C4C-A32B5AF64BE1}"
EndProject
Project("{2150E333-8FDC-42A3-9474-1A3956D46DE8}") = "Chapter01", "Chapter01", "{F531D869-0BC5-45DF-93EB-D35B9FE1A694}"
EndProject
Project("{FAE04EC0-301F-11D3-BF4B-00C04F79EFBC}") = "ProductSample", "Chapter01\Product\ProductSample.csproj", "{21DC5B11-303E-446D-ACDE-75F565663F66}"
EndProject
Project("{2150E333-8FDC-42A3-9474-1A3956D46DE8}") = "Chapter02", "Chapter02", "{47571D45-7D64-47ED-9E0F-18A0F84E2757}"
EndProject
Project("{2150E333-8FDC-42A3-9474-1A3956D46DE8}") = "距離換算プログラム", "距離換算プログラム", "{16E5892A-03E7-476C-A8E0-B2A796E06AF3}"
EndProject
Project("{FAE04EC0-301F-11D3-BF4B-00C04F79EFBC}") = "DistanceConverter", "Chapter02\距離換算プログラム\DistanceConverter\DistanceConverter.csproj", "{F395B8BC-2704-425E-B8B9-9A4A55748BDA}"
EndProject
Project("{2150E333-8FDC-42A3-9474-1A3956D46DE8}") = "売り上げ集計プログラム", "売り上げ集計プログラム", "{64D6B0D6-AF87-4051-B73C-3812AAF0508C}"
EndProject
Project("{FAE04EC0-301F-11D3-BF4B-00C04F79EFBC}") = "SalesCalculater", "Chapter02\売り上げ集計プログラム\SalesCalculater\SalesCalculater.csproj", "{939219E6-8F91-49F9-B370-C561F3C14F91}"
EndProject
Project("{2150E333-8FDC-42A3-9474-1A3956D46DE8}") = "演習問題", "演習問題", "{3BB92ED2-D14C-4AAA-871F-254A47AA62D5}"
EndProject
Project("{FAE04EC0-301F-11D3-BF4B-00C04F79EFBC}") = "Exercise01", "Chapter02\演習問題\Exercise01\Exercise01.csproj", "{523BCFED-19A2-4E69-87F4-C73FA2F7734A}"
EndProject
Project("{FAE04EC0-301F-11D3-BF4B-00C04F79EFBC}") = "Exercise02", "Chapter02\演習問題\Exercise02\Exercise02.csproj", "{C630B5A0-EFAA-47DB-86BB-4DADAE987EE5}"
EndProject
Project("{FAE04EC0-301F-11D3-BF4B-00C04F79EFBC}") = "Exercise03", "Chapter02\演習問題\Exercise03\Exercise03.csproj", "{C7265082-AFC9-4BC9-BF3F-12FBC6D4F887}"
EndProject
Project("{2150E333-8FDC-42A3-9474-1A3956D46DE8}") = "Chapter03", "Chapter03", "{70CCD85C-46BE-49C1-A01F-6F573B8A926F}"
EndProject
Project("{FAE04EC0-301F-11D3-BF4B-00C04F79EFBC}") = "Section01", "Chapter03\Section01\Section01.csproj", "{2C6C402A-6249-4BC9-BC0E-FE3EA995D1B2}"
EndProject
Project("{FAE04EC0-301F-11D3-BF4B-00C04F79EFBC}") = "Section03", "Chapter03\Section03\Section03.csproj", "{2B7A0543-623F-4583-8EC9-53F97FE6394C}"
EndProject
Project("{FAE04EC0-301F-11D3-BF4B-00C04F79EFBC}") = "Section04", "Chapter03\Section04\Section04.csproj", "{9FA6F0A0-E6ED-43ED-A52B-90A057C4FF92}"
EndProject
Project("{2150E333-8FDC-42A3-9474-1A3956D46DE8}") = "演習問題", "演習問題", "{166252E3-646D-4215-9159-451BE8F206DC}"
EndProject
Project("{FAE04EC0-301F-11D3-BF4B-00C04F79EFBC}") = "Exercise01", "Chapter03\演習問題\Exercise01\Exercise01.csproj", "{4D064134-F4A8-40E6-B27B-CD4BF6751405}"
EndProject
Global
	GlobalSection(SolutionConfigurationPlatforms) = preSolution
		Debug|Any CPU = Debug|Any CPU
		Release|Any CPU = Release|Any CPU
	EndGlobalSection
	GlobalSection(ProjectConfigurationPlatforms) = postSolution
		{7AE25F2E-993E-46FE-B7AB-0CC79C3CAB49}.Debug|Any CPU.ActiveCfg = Debug|Any CPU
		{7AE25F2E-993E-46FE-B7AB-0CC79C3CAB49}.Debug|Any CPU.Build.0 = Debug|Any CPU
		{7AE25F2E-993E-46FE-B7AB-0CC79C3CAB49}.Release|Any CPU.ActiveCfg = Release|Any CPU
		{7AE25F2E-993E-46FE-B7AB-0CC79C3CAB49}.Release|Any CPU.Build.0 = Release|Any CPU
		{D729AFE2-5A5B-434F-B883-07D02E526102}.Debug|Any CPU.ActiveCfg = Debug|Any CPU
		{D729AFE2-5A5B-434F-B883-07D02E526102}.Debug|Any CPU.Build.0 = Debug|Any CPU
		{D729AFE2-5A5B-434F-B883-07D02E526102}.Release|Any CPU.ActiveCfg = Release|Any CPU
		{D729AFE2-5A5B-434F-B883-07D02E526102}.Release|Any CPU.Build.0 = Release|Any CPU
		{148F2153-D037-44B2-8C4C-A32B5AF64BE1}.Debug|Any CPU.ActiveCfg = Debug|Any CPU
		{148F2153-D037-44B2-8C4C-A32B5AF64BE1}.Debug|Any CPU.Build.0 = Debug|Any CPU
		{148F2153-D037-44B2-8C4C-A32B5AF64BE1}.Release|Any CPU.ActiveCfg = Release|Any CPU
		{148F2153-D037-44B2-8C4C-A32B5AF64BE1}.Release|Any CPU.Build.0 = Release|Any CPU
		{21DC5B11-303E-446D-ACDE-75F565663F66}.Debug|Any CPU.ActiveCfg = Debug|Any CPU
		{21DC5B11-303E-446D-ACDE-75F565663F66}.Debug|Any CPU.Build.0 = Debug|Any CPU
		{21DC5B11-303E-446D-ACDE-75F565663F66}.Release|Any CPU.ActiveCfg = Release|Any CPU
		{21DC5B11-303E-446D-ACDE-75F565663F66}.Release|Any CPU.Build.0 = Release|Any CPU
		{F395B8BC-2704-425E-B8B9-9A4A55748BDA}.Debug|Any CPU.ActiveCfg = Debug|Any CPU
		{F395B8BC-2704-425E-B8B9-9A4A55748BDA}.Debug|Any CPU.Build.0 = Debug|Any CPU
		{F395B8BC-2704-425E-B8B9-9A4A55748BDA}.Release|Any CPU.ActiveCfg = Release|Any CPU
		{F395B8BC-2704-425E-B8B9-9A4A55748BDA}.Release|Any CPU.Build.0 = Release|Any CPU
		{939219E6-8F91-49F9-B370-C561F3C14F91}.Debug|Any CPU.ActiveCfg = Debug|Any CPU
		{939219E6-8F91-49F9-B370-C561F3C14F91}.Debug|Any CPU.Build.0 = Debug|Any CPU
		{939219E6-8F91-49F9-B370-C561F3C14F91}.Release|Any CPU.ActiveCfg = Release|Any CPU
		{939219E6-8F91-49F9-B370-C561F3C14F91}.Release|Any CPU.Build.0 = Release|Any CPU
		{523BCFED-19A2-4E69-87F4-C73FA2F7734A}.Debug|Any CPU.ActiveCfg = Debug|Any CPU
		{523BCFED-19A2-4E69-87F4-C73FA2F7734A}.Debug|Any CPU.Build.0 = Debug|Any CPU
		{523BCFED-19A2-4E69-87F4-C73FA2F7734A}.Release|Any CPU.ActiveCfg = Release|Any CPU
		{523BCFED-19A2-4E69-87F4-C73FA2F7734A}.Release|Any CPU.Build.0 = Release|Any CPU
		{C630B5A0-EFAA-47DB-86BB-4DADAE987EE5}.Debug|Any CPU.ActiveCfg = Debug|Any CPU
		{C630B5A0-EFAA-47DB-86BB-4DADAE987EE5}.Debug|Any CPU.Build.0 = Debug|Any CPU
		{C630B5A0-EFAA-47DB-86BB-4DADAE987EE5}.Release|Any CPU.ActiveCfg = Release|Any CPU
		{C630B5A0-EFAA-47DB-86BB-4DADAE987EE5}.Release|Any CPU.Build.0 = Release|Any CPU
		{C7265082-AFC9-4BC9-BF3F-12FBC6D4F887}.Debug|Any CPU.ActiveCfg = Debug|Any CPU
		{C7265082-AFC9-4BC9-BF3F-12FBC6D4F887}.Debug|Any CPU.Build.0 = Debug|Any CPU
		{C7265082-AFC9-4BC9-BF3F-12FBC6D4F887}.Release|Any CPU.ActiveCfg = Release|Any CPU
		{C7265082-AFC9-4BC9-BF3F-12FBC6D4F887}.Release|Any CPU.Build.0 = Release|Any CPU
		{2C6C402A-6249-4BC9-BC0E-FE3EA995D1B2}.Debug|Any CPU.ActiveCfg = Debug|Any CPU
		{2C6C402A-6249-4BC9-BC0E-FE3EA995D1B2}.Debug|Any CPU.Build.0 = Debug|Any CPU
		{2C6C402A-6249-4BC9-BC0E-FE3EA995D1B2}.Release|Any CPU.ActiveCfg = Release|Any CPU
		{2C6C402A-6249-4BC9-BC0E-FE3EA995D1B2}.Release|Any CPU.Build.0 = Release|Any CPU
		{2B7A0543-623F-4583-8EC9-53F97FE6394C}.Debug|Any CPU.ActiveCfg = Debug|Any CPU
		{2B7A0543-623F-4583-8EC9-53F97FE6394C}.Debug|Any CPU.Build.0 = Debug|Any CPU
		{2B7A0543-623F-4583-8EC9-53F97FE6394C}.Release|Any CPU.ActiveCfg = Release|Any CPU
		{2B7A0543-623F-4583-8EC9-53F97FE6394C}.Release|Any CPU.Build.0 = Release|Any CPU
		{9FA6F0A0-E6ED-43ED-A52B-90A057C4FF92}.Debug|Any CPU.ActiveCfg = Debug|Any CPU
		{9FA6F0A0-E6ED-43ED-A52B-90A057C4FF92}.Debug|Any CPU.Build.0 = Debug|Any CPU
		{9FA6F0A0-E6ED-43ED-A52B-90A057C4FF92}.Release|Any CPU.ActiveCfg = Release|Any CPU
		{9FA6F0A0-E6ED-43ED-A52B-90A057C4FF92}.Release|Any CPU.Build.0 = Release|Any CPU
		{4D064134-F4A8-40E6-B27B-CD4BF6751405}.Debug|Any CPU.ActiveCfg = Debug|Any CPU
		{4D064134-F4A8-40E6-B27B-CD4BF6751405}.Debug|Any CPU.Build.0 = Debug|Any CPU
		{4D064134-F4A8-40E6-B27B-CD4BF6751405}.Release|Any CPU.ActiveCfg = Release|Any CPU
		{4D064134-F4A8-40E6-B27B-CD4BF6751405}.Release|Any CPU.Build.0 = Release|Any CPU
	EndGlobalSection
	GlobalSection(SolutionProperties) = preSolution
		HideSolutionNode = FALSE
	EndGlobalSection
	GlobalSection(NestedProjects) = preSolution
		{7AE25F2E-993E-46FE-B7AB-0CC79C3CAB49} = {CB3BE53E-674F-46A3-A7F4-2FF60B346269}
		{D729AFE2-5A5B-434F-B883-07D02E526102} = {CB3BE53E-674F-46A3-A7F4-2FF60B346269}
		{148F2153-D037-44B2-8C4C-A32B5AF64BE1} = {CB3BE53E-674F-46A3-A7F4-2FF60B346269}
		{21DC5B11-303E-446D-ACDE-75F565663F66} = {F531D869-0BC5-45DF-93EB-D35B9FE1A694}
		{16E5892A-03E7-476C-A8E0-B2A796E06AF3} = {47571D45-7D64-47ED-9E0F-18A0F84E2757}
		{F395B8BC-2704-425E-B8B9-9A4A55748BDA} = {16E5892A-03E7-476C-A8E0-B2A796E06AF3}
		{64D6B0D6-AF87-4051-B73C-3812AAF0508C} = {47571D45-7D64-47ED-9E0F-18A0F84E2757}
		{939219E6-8F91-49F9-B370-C561F3C14F91} = {64D6B0D6-AF87-4051-B73C-3812AAF0508C}
		{3BB92ED2-D14C-4AAA-871F-254A47AA62D5} = {47571D45-7D64-47ED-9E0F-18A0F84E2757}
		{523BCFED-19A2-4E69-87F4-C73FA2F7734A} = {3BB92ED2-D14C-4AAA-871F-254A47AA62D5}
		{C630B5A0-EFAA-47DB-86BB-4DADAE987EE5} = {3BB92ED2-D14C-4AAA-871F-254A47AA62D5}
		{C7265082-AFC9-4BC9-BF3F-12FBC6D4F887} = {3BB92ED2-D14C-4AAA-871F-254A47AA62D5}
		{2C6C402A-6249-4BC9-BC0E-FE3EA995D1B2} = {70CCD85C-46BE-49C1-A01F-6F573B8A926F}
		{2B7A0543-623F-4583-8EC9-53F97FE6394C} = {70CCD85C-46BE-49C1-A01F-6F573B8A926F}
		{9FA6F0A0-E6ED-43ED-A52B-90A057C4FF92} = {70CCD85C-46BE-49C1-A01F-6F573B8A926F}
		{166252E3-646D-4215-9159-451BE8F206DC} = {70CCD85C-46BE-49C1-A01F-6F573B8A926F}
		{4D064134-F4A8-40E6-B27B-CD4BF6751405} = {166252E3-646D-4215-9159-451BE8F206DC}
	EndGlobalSection
	GlobalSection(ExtensibilityGlobals) = postSolution
		SolutionGuid = {5A78A74C-211B-4A99-AACD-EB4D1841CD84}
	EndGlobalSection
EndGlobal
